// !$*UTF8*$!
{
	archiveVersion = 1;
	classes = {
	};
	objectVersion = 56;
	objects = {

/* Begin PBXBuildFile section */
		6B9AFD302AE66367001A9F11 /* AppDelegate.swift in Sources */ = {isa = PBXBuildFile; fileRef = 6B9AFD2F2AE66367001A9F11 /* AppDelegate.swift */; };
		6B9AFD322AE66367001A9F11 /* SceneDelegate.swift in Sources */ = {isa = PBXBuildFile; fileRef = 6B9AFD312AE66367001A9F11 /* SceneDelegate.swift */; };
		6B9AFD342AE66367001A9F11 /* ViewController.swift in Sources */ = {isa = PBXBuildFile; fileRef = 6B9AFD332AE66367001A9F11 /* ViewController.swift */; };
		6B9AFD372AE66367001A9F11 /* Main.storyboard in Resources */ = {isa = PBXBuildFile; fileRef = 6B9AFD352AE66367001A9F11 /* Main.storyboard */; };
		6B9AFD392AE6636D001A9F11 /* Assets.xcassets in Resources */ = {isa = PBXBuildFile; fileRef = 6B9AFD382AE6636D001A9F11 /* Assets.xcassets */; };
		6B9AFD3C2AE6636D001A9F11 /* LaunchScreen.storyboard in Resources */ = {isa = PBXBuildFile; fileRef = 6B9AFD3A2AE6636D001A9F11 /* LaunchScreen.storyboard */; };
		6B9AFD472AE6636E001A9F11 /* labTests.swift in Sources */ = {isa = PBXBuildFile; fileRef = 6B9AFD462AE6636E001A9F11 /* labTests.swift */; };
		6B9AFD512AE6636E001A9F11 /* labUITests.swift in Sources */ = {isa = PBXBuildFile; fileRef = 6B9AFD502AE6636E001A9F11 /* labUITests.swift */; };
		6B9AFD532AE6636E001A9F11 /* labUITestsLaunchTests.swift in Sources */ = {isa = PBXBuildFile; fileRef = 6B9AFD522AE6636E001A9F11 /* labUITestsLaunchTests.swift */; };
/* End PBXBuildFile section */

/* Begin PBXContainerItemProxy section */
		6B9AFD432AE6636E001A9F11 /* PBXContainerItemProxy */ = {
			isa = PBXContainerItemProxy;
			containerPortal = 6B9AFD242AE66366001A9F11 /* Project object */;
			proxyType = 1;
			remoteGlobalIDString = 6B9AFD2B2AE66366001A9F11;
			remoteInfo = lab;
		};
		6B9AFD4D2AE6636E001A9F11 /* PBXContainerItemProxy */ = {
			isa = PBXContainerItemProxy;
			containerPortal = 6B9AFD242AE66366001A9F11 /* Project object */;
			proxyType = 1;
			remoteGlobalIDString = 6B9AFD2B2AE66366001A9F11;
			remoteInfo = lab;
		};
/* End PBXContainerItemProxy section */

/* Begin PBXFileReference section */
		6B9AFD2C2AE66366001A9F11 /* lab.app */ = {isa = PBXFileReference; explicitFileType = wrapper.application; includeInIndex = 0; path = lab.app; sourceTree = BUILT_PRODUCTS_DIR; };
		6B9AFD2F2AE66367001A9F11 /* AppDelegate.swift */ = {isa = PBXFileReference; lastKnownFileType = sourcecode.swift; path = AppDelegate.swift; sourceTree = "<group>"; };
		6B9AFD312AE66367001A9F11 /* SceneDelegate.swift */ = {isa = PBXFileReference; lastKnownFileType = sourcecode.swift; path = SceneDelegate.swift; sourceTree = "<group>"; };
		6B9AFD332AE66367001A9F11 /* ViewController.swift */ = {isa = PBXFileReference; lastKnownFileType = sourcecode.swift; path = ViewController.swift; sourceTree = "<group>"; };
		6B9AFD362AE66367001A9F11 /* Base */ = {isa = PBXFileReference; lastKnownFileType = file.storyboard; name = Base; path = Base.lproj/Main.storyboard; sourceTree = "<group>"; };
		6B9AFD382AE6636D001A9F11 /* Assets.xcassets */ = {isa = PBXFileReference; lastKnownFileType = folder.assetcatalog; path = Assets.xcassets; sourceTree = "<group>"; };
		6B9AFD3B2AE6636D001A9F11 /* Base */ = {isa = PBXFileReference; lastKnownFileType = file.storyboard; name = Base; path = Base.lproj/LaunchScreen.storyboard; sourceTree = "<group>"; };
		6B9AFD3D2AE6636D001A9F11 /* Info.plist */ = {isa = PBXFileReference; lastKnownFileType = text.plist.xml; path = Info.plist; sourceTree = "<group>"; };
		6B9AFD422AE6636E001A9F11 /* labTests.xctest */ = {isa = PBXFileReference; explicitFileType = wrapper.cfbundle; includeInIndex = 0; path = labTests.xctest; sourceTree = BUILT_PRODUCTS_DIR; };
		6B9AFD462AE6636E001A9F11 /* labTests.swift */ = {isa = PBXFileReference; lastKnownFileType = sourcecode.swift; path = labTests.swift; sourceTree = "<group>"; };
		6B9AFD4C2AE6636E001A9F11 /* labUITests.xctest */ = {isa = PBXFileReference; explicitFileType = wrapper.cfbundle; includeInIndex = 0; path = labUITests.xctest; sourceTree = BUILT_PRODUCTS_DIR; };
		6B9AFD502AE6636E001A9F11 /* labUITests.swift */ = {isa = PBXFileReference; lastKnownFileType = sourcecode.swift; path = labUITests.swift; sourceTree = "<group>"; };
		6B9AFD522AE6636E001A9F11 /* labUITestsLaunchTests.swift */ = {isa = PBXFileReference; lastKnownFileType = sourcecode.swift; path = labUITestsLaunchTests.swift; sourceTree = "<group>"; };
/* End PBXFileReference section */

/* Begin PBXFrameworksBuildPhase section */
		6B9AFD292AE66366001A9F11 /* Frameworks */ = {
			isa = PBXFrameworksBuildPhase;
			buildActionMask = 2147483647;
			files = (
			);
			runOnlyForDeploymentPostprocessing = 0;
		};
		6B9AFD3F2AE6636E001A9F11 /* Frameworks */ = {
			isa = PBXFrameworksBuildPhase;
			buildActionMask = 2147483647;
			files = (
			);
			runOnlyForDeploymentPostprocessing = 0;
		};
		6B9AFD492AE6636E001A9F11 /* Frameworks */ = {
			isa = PBXFrameworksBuildPhase;
			buildActionMask = 2147483647;
			files = (
			);
			runOnlyForDeploymentPostprocessing = 0;
		};
/* End PBXFrameworksBuildPhase section */

/* Begin PBXGroup section */
		6B9AFD232AE66366001A9F11 = {
			isa = PBXGroup;
			children = (
				6B9AFD2E2AE66366001A9F11 /* lab */,
				6B9AFD452AE6636E001A9F11 /* labTests */,
				6B9AFD4F2AE6636E001A9F11 /* labUITests */,
				6B9AFD2D2AE66366001A9F11 /* Products */,
			);
			sourceTree = "<group>";
		};
		6B9AFD2D2AE66366001A9F11 /* Products */ = {
			isa = PBXGroup;
			children = (
				6B9AFD2C2AE66366001A9F11 /* lab.app */,
				6B9AFD422AE6636E001A9F11 /* labTests.xctest */,
				6B9AFD4C2AE6636E001A9F11 /* labUITests.xctest */,
			);
			name = Products;
			sourceTree = "<group>";
		};
		6B9AFD2E2AE66366001A9F11 /* lab */ = {
			isa = PBXGroup;
			children = (
				6B9AFD2F2AE66367001A9F11 /* AppDelegate.swift */,
				6B9AFD312AE66367001A9F11 /* SceneDelegate.swift */,
				6B9AFD332AE66367001A9F11 /* ViewController.swift */,
				6B9AFD352AE66367001A9F11 /* Main.storyboard */,
				6B9AFD382AE6636D001A9F11 /* Assets.xcassets */,
				6B9AFD3A2AE6636D001A9F11 /* LaunchScreen.storyboard */,
				6B9AFD3D2AE6636D001A9F11 /* Info.plist */,
			);
			path = lab;
			sourceTree = "<group>";
		};
		6B9AFD452AE6636E001A9F11 /* labTests */ = {
			isa = PBXGroup;
			children = (
				6B9AFD462AE6636E001A9F11 /* labTests.swift */,
			);
			path = labTests;
			sourceTree = "<group>";
		};
		6B9AFD4F2AE6636E001A9F11 /* labUITests */ = {
			isa = PBXGroup;
			children = (
				6B9AFD502AE6636E001A9F11 /* labUITests.swift */,
				6B9AFD522AE6636E001A9F11 /* labUITestsLaunchTests.swift */,
			);
			path = labUITests;
			sourceTree = "<group>";
		};
/* End PBXGroup section */

/* Begin PBXNativeTarget section */
		6B9AFD2B2AE66366001A9F11 /* lab */ = {
			isa = PBXNativeTarget;
			buildConfigurationList = 6B9AFD562AE6636E001A9F11 /* Build configuration list for PBXNativeTarget "lab" */;
			buildPhases = (
				6B9AFD282AE66366001A9F11 /* Sources */,
				6B9AFD292AE66366001A9F11 /* Frameworks */,
				6B9AFD2A2AE66366001A9F11 /* Resources */,
			);
			buildRules = (
			);
			dependencies = (
			);
			name = lab;
			productName = lab;
			productReference = 6B9AFD2C2AE66366001A9F11 /* lab.app */;
			productType = "com.apple.product-type.application";
		};
		6B9AFD412AE6636E001A9F11 /* labTests */ = {
			isa = PBXNativeTarget;
			buildConfigurationList = 6B9AFD592AE6636E001A9F11 /* Build configuration list for PBXNativeTarget "labTests" */;
			buildPhases = (
				6B9AFD3E2AE6636E001A9F11 /* Sources */,
				6B9AFD3F2AE6636E001A9F11 /* Frameworks */,
				6B9AFD402AE6636E001A9F11 /* Resources */,
			);
			buildRules = (
			);
			dependencies = (
				6B9AFD442AE6636E001A9F11 /* PBXTargetDependency */,
			);
			name = labTests;
			productName = labTests;
			productReference = 6B9AFD422AE6636E001A9F11 /* labTests.xctest */;
			productType = "com.apple.product-type.bundle.unit-test";
		};
		6B9AFD4B2AE6636E001A9F11 /* labUITests */ = {
			isa = PBXNativeTarget;
			buildConfigurationList = 6B9AFD5C2AE6636E001A9F11 /* Build configuration list for PBXNativeTarget "labUITests" */;
			buildPhases = (
				6B9AFD482AE6636E001A9F11 /* Sources */,
				6B9AFD492AE6636E001A9F11 /* Frameworks */,
				6B9AFD4A2AE6636E001A9F11 /* Resources */,
			);
			buildRules = (
			);
			dependencies = (
				6B9AFD4E2AE6636E001A9F11 /* PBXTargetDependency */,
			);
			name = labUITests;
			productName = labUITests;
			productReference = 6B9AFD4C2AE6636E001A9F11 /* labUITests.xctest */;
			productType = "com.apple.product-type.bundle.ui-testing";
		};
/* End PBXNativeTarget section */

/* Begin PBXProject section */
		6B9AFD242AE66366001A9F11 /* Project object */ = {
			isa = PBXProject;
			attributes = {
				BuildIndependentTargetsInParallel = 1;
				LastSwiftUpdateCheck = 1410;
				LastUpgradeCheck = 1410;
				TargetAttributes = {
					6B9AFD2B2AE66366001A9F11 = {
						CreatedOnToolsVersion = 14.1;
					};
					6B9AFD412AE6636E001A9F11 = {
						CreatedOnToolsVersion = 14.1;
						TestTargetID = 6B9AFD2B2AE66366001A9F11;
					};
					6B9AFD4B2AE6636E001A9F11 = {
						CreatedOnToolsVersion = 14.1;
						TestTargetID = 6B9AFD2B2AE66366001A9F11;
					};
				};
			};
			buildConfigurationList = 6B9AFD272AE66366001A9F11 /* Build configuration list for PBXProject "lab" */;
			compatibilityVersion = "Xcode 14.0";
			developmentRegion = en;
			hasScannedForEncodings = 0;
			knownRegions = (
				en,
				Base,
			);
			mainGroup = 6B9AFD232AE66366001A9F11;
			productRefGroup = 6B9AFD2D2AE66366001A9F11 /* Products */;
			projectDirPath = "";
			projectRoot = "";
			targets = (
				6B9AFD2B2AE66366001A9F11 /* lab */,
				6B9AFD412AE6636E001A9F11 /* labTests */,
				6B9AFD4B2AE6636E001A9F11 /* labUITests */,
			);
		};
/* End PBXProject section */

/* Begin PBXResourcesBuildPhase section */
		6B9AFD2A2AE66366001A9F11 /* Resources */ = {
			isa = PBXResourcesBuildPhase;
			buildActionMask = 2147483647;
			files = (
				6B9AFD3C2AE6636D001A9F11 /* LaunchScreen.storyboard in Resources */,
				6B9AFD392AE6636D001A9F11 /* Assets.xcassets in Resources */,
				6B9AFD372AE66367001A9F11 /* Main.storyboard in Resources */,
			);
			runOnlyForDeploymentPostprocessing = 0;
		};
		6B9AFD402AE6636E001A9F11 /* Resources */ = {
			isa = PBXResourcesBuildPhase;
			buildActionMask = 2147483647;
			files = (
			);
			runOnlyForDeploymentPostprocessing = 0;
		};
		6B9AFD4A2AE6636E001A9F11 /* Resources */ = {
			isa = PBXResourcesBuildPhase;
			buildActionMask = 2147483647;
			files = (
			);
			runOnlyForDeploymentPostprocessing = 0;
		};
/* End PBXResourcesBuildPhase section */

/* Begin PBXSourcesBuildPhase section */
		6B9AFD282AE66366001A9F11 /* Sources */ = {
			isa = PBXSourcesBuildPhase;
			buildActionMask = 2147483647;
			files = (
				6B9AFD342AE66367001A9F11 /* ViewController.swift in Sources */,
				6B9AFD302AE66367001A9F11 /* AppDelegate.swift in Sources */,
				6B9AFD322AE66367001A9F11 /* SceneDelegate.swift in Sources */,
			);
			runOnlyForDeploymentPostprocessing = 0;
		};
		6B9AFD3E2AE6636E001A9F11 /* Sources */ = {
			isa = PBXSourcesBuildPhase;
			buildActionMask = 2147483647;
			files = (
				6B9AFD472AE6636E001A9F11 /* labTests.swift in Sources */,
			);
			runOnlyForDeploymentPostprocessing = 0;
		};
		6B9AFD482AE6636E001A9F11 /* Sources */ = {
			isa = PBXSourcesBuildPhase;
			buildActionMask = 2147483647;
			files = (
				6B9AFD532AE6636E001A9F11 /* labUITestsLaunchTests.swift in Sources */,
				6B9AFD512AE6636E001A9F11 /* labUITests.swift in Sources */,
			);
			runOnlyForDeploymentPostprocessing = 0;
		};
/* End PBXSourcesBuildPhase section */

/* Begin PBXTargetDependency section */
		6B9AFD442AE6636E001A9F11 /* PBXTargetDependency */ = {
			isa = PBXTargetDependency;
			target = 6B9AFD2B2AE66366001A9F11 /* lab */;
			targetProxy = 6B9AFD432AE6636E001A9F11 /* PBXContainerItemProxy */;
		};
		6B9AFD4E2AE6636E001A9F11 /* PBXTargetDependency */ = {
			isa = PBXTargetDependency;
			target = 6B9AFD2B2AE66366001A9F11 /* lab */;
			targetProxy = 6B9AFD4D2AE6636E001A9F11 /* PBXContainerItemProxy */;
		};
/* End PBXTargetDependency section */

/* Begin PBXVariantGroup section */
		6B9AFD352AE66367001A9F11 /* Main.storyboard */ = {
			isa = PBXVariantGroup;
			children = (
				6B9AFD362AE66367001A9F11 /* Base */,
			);
			name = Main.storyboard;
			sourceTree = "<group>";
		};
		6B9AFD3A2AE6636D001A9F11 /* LaunchScreen.storyboard */ = {
			isa = PBXVariantGroup;
			children = (
				6B9AFD3B2AE6636D001A9F11 /* Base */,
			);
			name = LaunchScreen.storyboard;
			sourceTree = "<group>";
		};
/* End PBXVariantGroup section */

/* Begin XCBuildConfiguration section */
		6B9AFD542AE6636E001A9F11 /* Debug */ = {
			isa = XCBuildConfiguration;
			buildSettings = {
				ALWAYS_SEARCH_USER_PATHS = NO;
				CLANG_ANALYZER_NONNULL = YES;
				CLANG_ANALYZER_NUMBER_OBJECT_CONVERSION = YES_AGGRESSIVE;
				CLANG_CXX_LANGUAGE_STANDARD = "gnu++20";
				CLANG_ENABLE_MODULES = YES;
				CLANG_ENABLE_OBJC_ARC = YES;
				CLANG_ENABLE_OBJC_WEAK = YES;
				CLANG_WARN_BLOCK_CAPTURE_AUTORELEASING = YES;
				CLANG_WARN_BOOL_CONVERSION = YES;
				CLANG_WARN_COMMA = YES;
				CLANG_WARN_CONSTANT_CONVERSION = YES;
				CLANG_WARN_DEPRECATED_OBJC_IMPLEMENTATIONS = YES;
				CLANG_WARN_DIRECT_OBJC_ISA_USAGE = YES_ERROR;
				CLANG_WARN_DOCUMENTATION_COMMENTS = YES;
				CLANG_WARN_EMPTY_BODY = YES;
				CLANG_WARN_ENUM_CONVERSION = YES;
				CLANG_WARN_INFINITE_RECURSION = YES;
				CLANG_WARN_INT_CONVERSION = YES;
				CLANG_WARN_NON_LITERAL_NULL_CONVERSION = YES;
				CLANG_WARN_OBJC_IMPLICIT_RETAIN_SELF = YES;
				CLANG_WARN_OBJC_LITERAL_CONVERSION = YES;
				CLANG_WARN_OBJC_ROOT_CLASS = YES_ERROR;
				CLANG_WARN_QUOTED_INCLUDE_IN_FRAMEWORK_HEADER = YES;
				CLANG_WARN_RANGE_LOOP_ANALYSIS = YES;
				CLANG_WARN_STRICT_PROTOTYPES = YES;
				CLANG_WARN_SUSPICIOUS_MOVE = YES;
				CLANG_WARN_UNGUARDED_AVAILABILITY = YES_AGGRESSIVE;
				CLANG_WARN_UNREACHABLE_CODE = YES;
				CLANG_WARN__DUPLICATE_METHOD_MATCH = YES;
				COPY_PHASE_STRIP = NO;
				DEBUG_INFORMATION_FORMAT = dwarf;
				ENABLE_STRICT_OBJC_MSGSEND = YES;
				ENABLE_TESTABILITY = YES;
				GCC_C_LANGUAGE_STANDARD = gnu11;
				GCC_DYNAMIC_NO_PIC = NO;
				GCC_NO_COMMON_BLOCKS = YES;
				GCC_OPTIMIZATION_LEVEL = 0;
				GCC_PREPROCESSOR_DEFINITIONS = (
					"DEBUG=1",
					"$(inherited)",
				);
				GCC_WARN_64_TO_32_BIT_CONVERSION = YES;
				GCC_WARN_ABOUT_RETURN_TYPE = YES_ERROR;
				GCC_WARN_UNDECLARED_SELECTOR = YES;
				GCC_WARN_UNINITIALIZED_AUTOS = YES_AGGRESSIVE;
				GCC_WARN_UNUSED_FUNCTION = YES;
				GCC_WARN_UNUSED_VARIABLE = YES;
				IPHONEOS_DEPLOYMENT_TARGET = 16.1;
				MTL_ENABLE_DEBUG_INFO = INCLUDE_SOURCE;
				MTL_FAST_MATH = YES;
				ONLY_ACTIVE_ARCH = YES;
				SDKROOT = iphoneos;
				SWIFT_ACTIVE_COMPILATION_CONDITIONS = DEBUG;
				SWIFT_OPTIMIZATION_LEVEL = "-Onone";
			};
			name = Debug;
		};
		6B9AFD552AE6636E001A9F11 /* Release */ = {
			isa = XCBuildConfiguration;
			buildSettings = {
				ALWAYS_SEARCH_USER_PATHS = NO;
				CLANG_ANALYZER_NONNULL = YES;
				CLANG_ANALYZER_NUMBER_OBJECT_CONVERSION = YES_AGGRESSIVE;
				CLANG_CXX_LANGUAGE_STANDARD = "gnu++20";
				CLANG_ENABLE_MODULES = YES;
				CLANG_ENABLE_OBJC_ARC = YES;
				CLANG_ENABLE_OBJC_WEAK = YES;
				CLANG_WARN_BLOCK_CAPTURE_AUTORELEASING = YES;
				CLANG_WARN_BOOL_CONVERSION = YES;
				CLANG_WARN_COMMA = YES;
				CLANG_WARN_CONSTANT_CONVERSION = YES;
				CLANG_WARN_DEPRECATED_OBJC_IMPLEMENTATIONS = YES;
				CLANG_WARN_DIRECT_OBJC_ISA_USAGE = YES_ERROR;
				CLANG_WARN_DOCUMENTATION_COMMENTS = YES;
				CLANG_WARN_EMPTY_BODY = YES;
				CLANG_WARN_ENUM_CONVERSION = YES;
				CLANG_WARN_INFINITE_RECURSION = YES;
				CLANG_WARN_INT_CONVERSION = YES;
				CLANG_WARN_NON_LITERAL_NULL_CONVERSION = YES;
				CLANG_WARN_OBJC_IMPLICIT_RETAIN_SELF = YES;
				CLANG_WARN_OBJC_LITERAL_CONVERSION = YES;
				CLANG_WARN_OBJC_ROOT_CLASS = YES_ERROR;
				CLANG_WARN_QUOTED_INCLUDE_IN_FRAMEWORK_HEADER = YES;
				CLANG_WARN_RANGE_LOOP_ANALYSIS = YES;
				CLANG_WARN_STRICT_PROTOTYPES = YES;
				CLANG_WARN_SUSPICIOUS_MOVE = YES;
				CLANG_WARN_UNGUARDED_AVAILABILITY = YES_AGGRESSIVE;
				CLANG_WARN_UNREACHABLE_CODE = YES;
				CLANG_WARN__DUPLICATE_METHOD_MATCH = YES;
				COPY_PHASE_STRIP = NO;
				DEBUG_INFORMATION_FORMAT = "dwarf-with-dsym";
				ENABLE_NS_ASSERTIONS = NO;
				ENABLE_STRICT_OBJC_MSGSEND = YES;
				GCC_C_LANGUAGE_STANDARD = gnu11;
				GCC_NO_COMMON_BLOCKS = YES;
				GCC_WARN_64_TO_32_BIT_CONVERSION = YES;
				GCC_WARN_ABOUT_RETURN_TYPE = YES_ERROR;
				GCC_WARN_UNDECLARED_SELECTOR = YES;
				GCC_WARN_UNINITIALIZED_AUTOS = YES_AGGRESSIVE;
				GCC_WARN_UNUSED_FUNCTION = YES;
				GCC_WARN_UNUSED_VARIABLE = YES;
				IPHONEOS_DEPLOYMENT_TARGET = 16.1;
				MTL_ENABLE_DEBUG_INFO = NO;
				MTL_FAST_MATH = YES;
				SDKROOT = iphoneos;
				SWIFT_COMPILATION_MODE = wholemodule;
				SWIFT_OPTIMIZATION_LEVEL = "-O";
				VALIDATE_PRODUCT = YES;
			};
			name = Release;
		};
		6B9AFD572AE6636E001A9F11 /* Debug */ = {
			isa = XCBuildConfiguration;
			buildSettings = {
				ASSETCATALOG_COMPILER_APPICON_NAME = AppIcon;
				ASSETCATALOG_COMPILER_GLOBAL_ACCENT_COLOR_NAME = AccentColor;
				CODE_SIGN_STYLE = Automatic;
				CURRENT_PROJECT_VERSION = 1;
				GENERATE_INFOPLIST_FILE = YES;
				INFOPLIST_FILE = lab/Info.plist;
				INFOPLIST_KEY_UIApplicationSupportsIndirectInputEvents = YES;
				INFOPLIST_KEY_UILaunchStoryboardName = LaunchScreen;
				INFOPLIST_KEY_UIMainStoryboardFile = Main;
				INFOPLIST_KEY_UISupportedInterfaceOrientations_iPad = "UIInterfaceOrientationPortrait UIInterfaceOrientationPortraitUpsideDown UIInterfaceOrientationLandscapeLeft UIInterfaceOrientationLandscapeRight";
				INFOPLIST_KEY_UISupportedInterfaceOrientations_iPhone = "UIInterfaceOrientationPortrait UIInterfaceOrientationLandscapeLeft UIInterfaceOrientationLandscapeRight";
				LD_RUNPATH_SEARCH_PATHS = (
					"$(inherited)",
					"@executable_path/Frameworks",
				);
				MARKETING_VERSION = 1.0;
				PRODUCT_BUNDLE_IDENTIFIER = abc.lab;
				PRODUCT_NAME = "$(TARGET_NAME)";
				SWIFT_EMIT_LOC_STRINGS = YES;
				SWIFT_VERSION = 5.0;
				TARGETED_DEVICE_FAMILY = "1,2";
			};
			name = Debug;
		};
		6B9AFD582AE6636E001A9F11 /* Release */ = {
			isa = XCBuildConfiguration;
			buildSettings = {
				ASSETCATALOG_COMPILER_APPICON_NAME = AppIcon;
				ASSETCATALOG_COMPILER_GLOBAL_ACCENT_COLOR_NAME = AccentColor;
				CODE_SIGN_STYLE = Automatic;
				CURRENT_PROJECT_VERSION = 1;
				GENERATE_INFOPLIST_FILE = YES;
				INFOPLIST_FILE = lab/Info.plist;
				INFOPLIST_KEY_UIApplicationSupportsIndirectInputEvents = YES;
				INFOPLIST_KEY_UILaunchStoryboardName = LaunchScreen;
				INFOPLIST_KEY_UIMainStoryboardFile = Main;
				INFOPLIST_KEY_UISupportedInterfaceOrientations_iPad = "UIInterfaceOrientationPortrait UIInterfaceOrientationPortraitUpsideDown UIInterfaceOrientationLandscapeLeft UIInterfaceOrientationLandscapeRight";
				INFOPLIST_KEY_UISupportedInterfaceOrientations_iPhone = "UIInterfaceOrientationPortrait UIInterfaceOrientationLandscapeLeft UIInterfaceOrientationLandscapeRight";
				LD_RUNPATH_SEARCH_PATHS = (
					"$(inherited)",
					"@executable_path/Frameworks",
				);
				MARKETING_VERSION = 1.0;
				PRODUCT_BUNDLE_IDENTIFIER = abc.lab;
				PRODUCT_NAME = "$(TARGET_NAME)";
				SWIFT_EMIT_LOC_STRINGS = YES;
				SWIFT_VERSION = 5.0;
				TARGETED_DEVICE_FAMILY = "1,2";
			};
			name = Release;
		};
		6B9AFD5A2AE6636E001A9F11 /* Debug */ = {
			isa = XCBuildConfiguration;
			buildSettings = {
				ALWAYS_EMBED_SWIFT_STANDARD_LIBRARIES = YES;
				BUNDLE_LOADER = "$(TEST_HOST)";
				CODE_SIGN_STYLE = Automatic;
				CURRENT_PROJECT_VERSION = 1;
				GENERATE_INFOPLIST_FILE = YES;
				IPHONEOS_DEPLOYMENT_TARGET = 16.1;
				MARKETING_VERSION = 1.0;
				PRODUCT_BUNDLE_IDENTIFIER = abc.labTests;
				PRODUCT_NAME = "$(TARGET_NAME)";
				SWIFT_EMIT_LOC_STRINGS = NO;
				SWIFT_VERSION = 5.0;
				TARGETED_DEVICE_FAMILY = "1,2";
				TEST_HOST = "$(BUILT_PRODUCTS_DIR)/lab.app/$(BUNDLE_EXECUTABLE_FOLDER_PATH)/lab";
			};
			name = Debug;
		};
		6B9AFD5B2AE6636E001A9F11 /* Release */ = {
			isa = XCBuildConfiguration;
			buildSettings = {
				ALWAYS_EMBED_SWIFT_STANDARD_LIBRARIES = YES;
				BUNDLE_LOADER = "$(TEST_HOST)";
				CODE_SIGN_STYLE = Automatic;
				CURRENT_PROJECT_VERSION = 1;
				GENERATE_INFOPLIST_FILE = YES;
				IPHONEOS_DEPLOYMENT_TARGET = 16.1;
				MARKETING_VERSION = 1.0;
				PRODUCT_BUNDLE_IDENTIFIER = abc.labTests;
				PRODUCT_NAME = "$(TARGET_NAME)";
				SWIFT_EMIT_LOC_STRINGS = NO;
				SWIFT_VERSION = 5.0;
				TARGETED_DEVICE_FAMILY = "1,2";
				TEST_HOST = "$(BUILT_PRODUCTS_DIR)/lab.app/$(BUNDLE_EXECUTABLE_FOLDER_PATH)/lab";
			};
			name = Release;
		};
		6B9AFD5D2AE6636E001A9F11 /* Debug */ = {
			isa = XCBuildConfiguration;
			buildSettings = {
				ALWAYS_EMBED_SWIFT_STANDARD_LIBRARIES = YES;
				CODE_SIGN_STYLE = Automatic;
				CURRENT_PROJECT_VERSION = 1;
				GENERATE_INFOPLIST_FILE = YES;
				MARKETING_VERSION = 1.0;
				PRODUCT_BUNDLE_IDENTIFIER = abc.labUITests;
				PRODUCT_NAME = "$(TARGET_NAME)";
				SWIFT_EMIT_LOC_STRINGS = NO;
				SWIFT_VERSION = 5.0;
				TARGETED_DEVICE_FAMILY = "1,2";
				TEST_TARGET_NAME = lab;
			};
			name = Debug;
		};
		6B9AFD5E2AE6636E001A9F11 /* Release */ = {
			isa = XCBuildConfiguration;
			buildSettings = {
				ALWAYS_EMBED_SWIFT_STANDARD_LIBRARIES = YES;
				CODE_SIGN_STYLE = Automatic;
				CURRENT_PROJECT_VERSION = 1;
				GENERATE_INFOPLIST_FILE = YES;
				MARKETING_VERSION = 1.0;
				PRODUCT_BUNDLE_IDENTIFIER = abc.labUITests;
				PRODUCT_NAME = "$(TARGET_NAME)";
				SWIFT_EMIT_LOC_STRINGS = NO;
				SWIFT_VERSION = 5.0;
				TARGETED_DEVICE_FAMILY = "1,2";
				TEST_TARGET_NAME = lab;
			};
			name = Release;
		};
/* End XCBuildConfiguration section */

/* Begin XCConfigurationList section */
		6B9AFD272AE66366001A9F11 /* Build configuration list for PBXProject "lab" */ = {
			isa = XCConfigurationList;
			buildConfigurations = (
				6B9AFD542AE6636E001A9F11 /* Debug */,
				6B9AFD552AE6636E001A9F11 /* Release */,
			);
			defaultConfigurationIsVisible = 0;
			defaultConfigurationName = Release;
		};
		6B9AFD562AE6636E001A9F11 /* Build configuration list for PBXNativeTarget "lab" */ = {
			isa = XCConfigurationList;
			buildConfigurations = (
				6B9AFD572AE6636E001A9F11 /* Debug */,
				6B9AFD582AE6636E001A9F11 /* Release */,
			);
			defaultConfigurationIsVisible = 0;
			defaultConfigurationName = Release;
		};
		6B9AFD592AE6636E001A9F11 /* Build configuration list for PBXNativeTarget "labTests" */ = {
			isa = XCConfigurationList;
			buildConfigurations = (
				6B9AFD5A2AE6636E001A9F11 /* Debug */,
				6B9AFD5B2AE6636E001A9F11 /* Release */,
			);
			defaultConfigurationIsVisible = 0;
			defaultConfigurationName = Release;
		};
		6B9AFD5C2AE6636E001A9F11 /* Build configuration list for PBXNativeTarget "labUITests" */ = {
			isa = XCConfigurationList;
			buildConfigurations = (
				6B9AFD5D2AE6636E001A9F11 /* Debug */,
				6B9AFD5E2AE6636E001A9F11 /* Release */,
			);
			defaultConfigurationIsVisible = 0;
			defaultConfigurationName = Release;
		};
/* End XCConfigurationList section */
	};
	rootObject = 6B9AFD242AE66366001A9F11 /* Project object */;
}
