// !$*UTF8*$!
{
	archiveVersion = 1;
	classes = {
	};
	objectVersion = 56;
	objects = {

/* Begin PBXBuildFile section */
		6B94F4702AE83321003516B9 /* ViewController.swift in Sources */ = {isa = PBXBuildFile; fileRef = 6BB83F552AE7AE1E0092C1A2 /* ViewController.swift */; };
		6BB83F522AE7AE1E0092C1A2 /* AppDelegate.swift in Sources */ = {isa = PBXBuildFile; fileRef = 6BB83F512AE7AE1E0092C1A2 /* AppDelegate.swift */; };
		6BB83F542AE7AE1E0092C1A2 /* SceneDelegate.swift in Sources */ = {isa = PBXBuildFile; fileRef = 6BB83F532AE7AE1E0092C1A2 /* SceneDelegate.swift */; };
		6BB83F562AE7AE1E0092C1A2 /* ViewController.swift in Sources */ = {isa = PBXBuildFile; fileRef = 6BB83F552AE7AE1E0092C1A2 /* ViewController.swift */; };
		6BB83F592AE7AE1E0092C1A2 /* Main.storyboard in Resources */ = {isa = PBXBuildFile; fileRef = 6BB83F572AE7AE1E0092C1A2 /* Main.storyboard */; };
		6BB83F5B2AE7AE280092C1A2 /* Assets.xcassets in Resources */ = {isa = PBXBuildFile; fileRef = 6BB83F5A2AE7AE280092C1A2 /* Assets.xcassets */; };
		6BB83F5E2AE7AE280092C1A2 /* LaunchScreen.storyboard in Resources */ = {isa = PBXBuildFile; fileRef = 6BB83F5C2AE7AE280092C1A2 /* LaunchScreen.storyboard */; };
		6BB83F692AE7AE290092C1A2 /* Lab__D03__P1Tests.swift in Sources */ = {isa = PBXBuildFile; fileRef = 6BB83F682AE7AE290092C1A2 /* Lab__D03__P1Tests.swift */; };
		6BB83F732AE7AE290092C1A2 /* Lab__D03__P1UITests.swift in Sources */ = {isa = PBXBuildFile; fileRef = 6BB83F722AE7AE290092C1A2 /* Lab__D03__P1UITests.swift */; };
		6BB83F752AE7AE290092C1A2 /* Lab__D03__P1UITestsLaunchTests.swift in Sources */ = {isa = PBXBuildFile; fileRef = 6BB83F742AE7AE290092C1A2 /* Lab__D03__P1UITestsLaunchTests.swift */; };
/* End PBXBuildFile section */

/* Begin PBXContainerItemProxy section */
		6BB83F652AE7AE280092C1A2 /* PBXContainerItemProxy */ = {
			isa = PBXContainerItemProxy;
			containerPortal = 6BB83F462AE7AE1D0092C1A2 /* Project object */;
			proxyType = 1;
			remoteGlobalIDString = 6BB83F4D2AE7AE1E0092C1A2;
			remoteInfo = "Lab (D03) P1";
		};
		6BB83F6F2AE7AE290092C1A2 /* PBXContainerItemProxy */ = {
			isa = PBXContainerItemProxy;
			containerPortal = 6BB83F462AE7AE1D0092C1A2 /* Project object */;
			proxyType = 1;
			remoteGlobalIDString = 6BB83F4D2AE7AE1E0092C1A2;
			remoteInfo = "Lab (D03) P1";
		};
/* End PBXContainerItemProxy section */

/* Begin PBXFileReference section */
		6BB83F4E2AE7AE1E0092C1A2 /* Lab (D03) P1.app */ = {isa = PBXFileReference; explicitFileType = wrapper.application; includeInIndex = 0; path = "Lab (D03) P1.app"; sourceTree = BUILT_PRODUCTS_DIR; };
		6BB83F512AE7AE1E0092C1A2 /* AppDelegate.swift */ = {isa = PBXFileReference; lastKnownFileType = sourcecode.swift; path = AppDelegate.swift; sourceTree = "<group>"; };
		6BB83F532AE7AE1E0092C1A2 /* SceneDelegate.swift */ = {isa = PBXFileReference; lastKnownFileType = sourcecode.swift; path = SceneDelegate.swift; sourceTree = "<group>"; };
		6BB83F552AE7AE1E0092C1A2 /* ViewController.swift */ = {isa = PBXFileReference; lastKnownFileType = sourcecode.swift; path = ViewController.swift; sourceTree = "<group>"; };
		6BB83F582AE7AE1E0092C1A2 /* Base */ = {isa = PBXFileReference; lastKnownFileType = file.storyboard; name = Base; path = Base.lproj/Main.storyboard; sourceTree = "<group>"; };
		6BB83F5A2AE7AE280092C1A2 /* Assets.xcassets */ = {isa = PBXFileReference; lastKnownFileType = folder.assetcatalog; path = Assets.xcassets; sourceTree = "<group>"; };
		6BB83F5D2AE7AE280092C1A2 /* Base */ = {isa = PBXFileReference; lastKnownFileType = file.storyboard; name = Base; path = Base.lproj/LaunchScreen.storyboard; sourceTree = "<group>"; };
		6BB83F5F2AE7AE280092C1A2 /* Info.plist */ = {isa = PBXFileReference; lastKnownFileType = text.plist.xml; path = Info.plist; sourceTree = "<group>"; };
		6BB83F642AE7AE280092C1A2 /* Lab (D03) P1Tests.xctest */ = {isa = PBXFileReference; explicitFileType = wrapper.cfbundle; includeInIndex = 0; path = "Lab (D03) P1Tests.xctest"; sourceTree = BUILT_PRODUCTS_DIR; };
		6BB83F682AE7AE290092C1A2 /* Lab__D03__P1Tests.swift */ = {isa = PBXFileReference; lastKnownFileType = sourcecode.swift; path = Lab__D03__P1Tests.swift; sourceTree = "<group>"; };
		6BB83F6E2AE7AE290092C1A2 /* Lab (D03) P1UITests.xctest */ = {isa = PBXFileReference; explicitFileType = wrapper.cfbundle; includeInIndex = 0; path = "Lab (D03) P1UITests.xctest"; sourceTree = BUILT_PRODUCTS_DIR; };
		6BB83F722AE7AE290092C1A2 /* Lab__D03__P1UITests.swift */ = {isa = PBXFileReference; lastKnownFileType = sourcecode.swift; path = Lab__D03__P1UITests.swift; sourceTree = "<group>"; };
		6BB83F742AE7AE290092C1A2 /* Lab__D03__P1UITestsLaunchTests.swift */ = {isa = PBXFileReference; lastKnownFileType = sourcecode.swift; path = Lab__D03__P1UITestsLaunchTests.swift; sourceTree = "<group>"; };
/* End PBXFileReference section */

/* Begin PBXFrameworksBuildPhase section */
		6BB83F4B2AE7AE1E0092C1A2 /* Frameworks */ = {
			isa = PBXFrameworksBuildPhase;
			buildActionMask = 2147483647;
			files = (
			);
			runOnlyForDeploymentPostprocessing = 0;
		};
		6BB83F612AE7AE280092C1A2 /* Frameworks */ = {
			isa = PBXFrameworksBuildPhase;
			buildActionMask = 2147483647;
			files = (
			);
			runOnlyForDeploymentPostprocessing = 0;
		};
		6BB83F6B2AE7AE290092C1A2 /* Frameworks */ = {
			isa = PBXFrameworksBuildPhase;
			buildActionMask = 2147483647;
			files = (
			);
			runOnlyForDeploymentPostprocessing = 0;
		};
/* End PBXFrameworksBuildPhase section */

/* Begin PBXGroup section */
		6BB83F452AE7AE1D0092C1A2 = {
			isa = PBXGroup;
			children = (
				6BB83F502AE7AE1E0092C1A2 /* Lab (D03) P1 */,
				6BB83F672AE7AE280092C1A2 /* Lab (D03) P1Tests */,
				6BB83F712AE7AE290092C1A2 /* Lab (D03) P1UITests */,
				6BB83F4F2AE7AE1E0092C1A2 /* Products */,
			);
			sourceTree = "<group>";
		};
		6BB83F4F2AE7AE1E0092C1A2 /* Products */ = {
			isa = PBXGroup;
			children = (
				6BB83F4E2AE7AE1E0092C1A2 /* Lab (D03) P1.app */,
				6BB83F642AE7AE280092C1A2 /* Lab (D03) P1Tests.xctest */,
				6BB83F6E2AE7AE290092C1A2 /* Lab (D03) P1UITests.xctest */,
			);
			name = Products;
			sourceTree = "<group>";
		};
		6BB83F502AE7AE1E0092C1A2 /* Lab (D03) P1 */ = {
			isa = PBXGroup;
			children = (
				6BB83F512AE7AE1E0092C1A2 /* AppDelegate.swift */,
				6BB83F532AE7AE1E0092C1A2 /* SceneDelegate.swift */,
				6BB83F552AE7AE1E0092C1A2 /* ViewController.swift */,
				6BB83F572AE7AE1E0092C1A2 /* Main.storyboard */,
				6BB83F5A2AE7AE280092C1A2 /* Assets.xcassets */,
				6BB83F5C2AE7AE280092C1A2 /* LaunchScreen.storyboard */,
				6BB83F5F2AE7AE280092C1A2 /* Info.plist */,
			);
			path = "Lab (D03) P1";
			sourceTree = "<group>";
		};
		6BB83F672AE7AE280092C1A2 /* Lab (D03) P1Tests */ = {
			isa = PBXGroup;
			children = (
				6BB83F682AE7AE290092C1A2 /* Lab__D03__P1Tests.swift */,
			);
			path = "Lab (D03) P1Tests";
			sourceTree = "<group>";
		};
		6BB83F712AE7AE290092C1A2 /* Lab (D03) P1UITests */ = {
			isa = PBXGroup;
			children = (
				6BB83F722AE7AE290092C1A2 /* Lab__D03__P1UITests.swift */,
				6BB83F742AE7AE290092C1A2 /* Lab__D03__P1UITestsLaunchTests.swift */,
			);
			path = "Lab (D03) P1UITests";
			sourceTree = "<group>";
		};
/* End PBXGroup section */

/* Begin PBXNativeTarget section */
		6BB83F4D2AE7AE1E0092C1A2 /* Lab (D03) P1 */ = {
			isa = PBXNativeTarget;
			buildConfigurationList = 6BB83F782AE7AE290092C1A2 /* Build configuration list for PBXNativeTarget "Lab (D03) P1" */;
			buildPhases = (
				6BB83F4A2AE7AE1E0092C1A2 /* Sources */,
				6BB83F4B2AE7AE1E0092C1A2 /* Frameworks */,
				6BB83F4C2AE7AE1E0092C1A2 /* Resources */,
			);
			buildRules = (
			);
			dependencies = (
			);
			name = "Lab (D03) P1";
			productName = "Lab (D03) P1";
			productReference = 6BB83F4E2AE7AE1E0092C1A2 /* Lab (D03) P1.app */;
			productType = "com.apple.product-type.application";
		};
		6BB83F632AE7AE280092C1A2 /* Lab (D03) P1Tests */ = {
			isa = PBXNativeTarget;
			buildConfigurationList = 6BB83F7B2AE7AE290092C1A2 /* Build configuration list for PBXNativeTarget "Lab (D03) P1Tests" */;
			buildPhases = (
				6BB83F602AE7AE280092C1A2 /* Sources */,
				6BB83F612AE7AE280092C1A2 /* Frameworks */,
				6BB83F622AE7AE280092C1A2 /* Resources */,
			);
			buildRules = (
			);
			dependencies = (
				6BB83F662AE7AE280092C1A2 /* PBXTargetDependency */,
			);
			name = "Lab (D03) P1Tests";
			productName = "Lab (D03) P1Tests";
			productReference = 6BB83F642AE7AE280092C1A2 /* Lab (D03) P1Tests.xctest */;
			productType = "com.apple.product-type.bundle.unit-test";
		};
		6BB83F6D2AE7AE290092C1A2 /* Lab (D03) P1UITests */ = {
			isa = PBXNativeTarget;
			buildConfigurationList = 6BB83F7E2AE7AE290092C1A2 /* Build configuration list for PBXNativeTarget "Lab (D03) P1UITests" */;
			buildPhases = (
				6BB83F6A2AE7AE290092C1A2 /* Sources */,
				6BB83F6B2AE7AE290092C1A2 /* Frameworks */,
				6BB83F6C2AE7AE290092C1A2 /* Resources */,
			);
			buildRules = (
			);
			dependencies = (
				6BB83F702AE7AE290092C1A2 /* PBXTargetDependency */,
			);
			name = "Lab (D03) P1UITests";
			productName = "Lab (D03) P1UITests";
			productReference = 6BB83F6E2AE7AE290092C1A2 /* Lab (D03) P1UITests.xctest */;
			productType = "com.apple.product-type.bundle.ui-testing";
		};
/* End PBXNativeTarget section */

/* Begin PBXProject section */
		6BB83F462AE7AE1D0092C1A2 /* Project object */ = {
			isa = PBXProject;
			attributes = {
				BuildIndependentTargetsInParallel = 1;
				LastSwiftUpdateCheck = 1410;
				LastUpgradeCheck = 1410;
				TargetAttributes = {
					6BB83F4D2AE7AE1E0092C1A2 = {
						CreatedOnToolsVersion = 14.1;
					};
					6BB83F632AE7AE280092C1A2 = {
						CreatedOnToolsVersion = 14.1;
						TestTargetID = 6BB83F4D2AE7AE1E0092C1A2;
					};
					6BB83F6D2AE7AE290092C1A2 = {
						CreatedOnToolsVersion = 14.1;
						TestTargetID = 6BB83F4D2AE7AE1E0092C1A2;
					};
				};
			};
			buildConfigurationList = 6BB83F492AE7AE1D0092C1A2 /* Build configuration list for PBXProject "Lab (D03) P1" */;
			compatibilityVersion = "Xcode 14.0";
			developmentRegion = en;
			hasScannedForEncodings = 0;
			knownRegions = (
				en,
				Base,
			);
			mainGroup = 6BB83F452AE7AE1D0092C1A2;
			productRefGroup = 6BB83F4F2AE7AE1E0092C1A2 /* Products */;
			projectDirPath = "";
			projectRoot = "";
			targets = (
				6BB83F4D2AE7AE1E0092C1A2 /* Lab (D03) P1 */,
				6BB83F632AE7AE280092C1A2 /* Lab (D03) P1Tests */,
				6BB83F6D2AE7AE290092C1A2 /* Lab (D03) P1UITests */,
			);
		};
/* End PBXProject section */

/* Begin PBXResourcesBuildPhase section */
		6BB83F4C2AE7AE1E0092C1A2 /* Resources */ = {
			isa = PBXResourcesBuildPhase;
			buildActionMask = 2147483647;
			files = (
				6BB83F5E2AE7AE280092C1A2 /* LaunchScreen.storyboard in Resources */,
				6BB83F5B2AE7AE280092C1A2 /* Assets.xcassets in Resources */,
				6BB83F592AE7AE1E0092C1A2 /* Main.storyboard in Resources */,
			);
			runOnlyForDeploymentPostprocessing = 0;
		};
		6BB83F622AE7AE280092C1A2 /* Resources */ = {
			isa = PBXResourcesBuildPhase;
			buildActionMask = 2147483647;
			files = (
			);
			runOnlyForDeploymentPostprocessing = 0;
		};
		6BB83F6C2AE7AE290092C1A2 /* Resources */ = {
			isa = PBXResourcesBuildPhase;
			buildActionMask = 2147483647;
			files = (
			);
			runOnlyForDeploymentPostprocessing = 0;
		};
/* End PBXResourcesBuildPhase section */

/* Begin PBXSourcesBuildPhase section */
		6BB83F4A2AE7AE1E0092C1A2 /* Sources */ = {
			isa = PBXSourcesBuildPhase;
			buildActionMask = 2147483647;
			files = (
				6BB83F562AE7AE1E0092C1A2 /* ViewController.swift in Sources */,
				6BB83F522AE7AE1E0092C1A2 /* AppDelegate.swift in Sources */,
				6BB83F542AE7AE1E0092C1A2 /* SceneDelegate.swift in Sources */,
			);
			runOnlyForDeploymentPostprocessing = 0;
		};
		6BB83F602AE7AE280092C1A2 /* Sources */ = {
			isa = PBXSourcesBuildPhase;
			buildActionMask = 2147483647;
			files = (
				6BB83F692AE7AE290092C1A2 /* Lab__D03__P1Tests.swift in Sources */,
			);
			runOnlyForDeploymentPostprocessing = 0;
		};
		6BB83F6A2AE7AE290092C1A2 /* Sources */ = {
			isa = PBXSourcesBuildPhase;
			buildActionMask = 2147483647;
			files = (
				6B94F4702AE83321003516B9 /* ViewController.swift in Sources */,
				6BB83F732AE7AE290092C1A2 /* Lab__D03__P1UITests.swift in Sources */,
				6BB83F752AE7AE290092C1A2 /* Lab__D03__P1UITestsLaunchTests.swift in Sources */,
			);
			runOnlyForDeploymentPostprocessing = 0;
		};
/* End PBXSourcesBuildPhase section */

/* Begin PBXTargetDependency section */
		6BB83F662AE7AE280092C1A2 /* PBXTargetDependency */ = {
			isa = PBXTargetDependency;
			target = 6BB83F4D2AE7AE1E0092C1A2 /* Lab (D03) P1 */;
			targetProxy = 6BB83F652AE7AE280092C1A2 /* PBXContainerItemProxy */;
		};
		6BB83F702AE7AE290092C1A2 /* PBXTargetDependency */ = {
			isa = PBXTargetDependency;
			target = 6BB83F4D2AE7AE1E0092C1A2 /* Lab (D03) P1 */;
			targetProxy = 6BB83F6F2AE7AE290092C1A2 /* PBXContainerItemProxy */;
		};
/* End PBXTargetDependency section */

/* Begin PBXVariantGroup section */
		6BB83F572AE7AE1E0092C1A2 /* Main.storyboard */ = {
			isa = PBXVariantGroup;
			children = (
				6BB83F582AE7AE1E0092C1A2 /* Base */,
			);
			name = Main.storyboard;
			sourceTree = "<group>";
		};
		6BB83F5C2AE7AE280092C1A2 /* LaunchScreen.storyboard */ = {
			isa = PBXVariantGroup;
			children = (
				6BB83F5D2AE7AE280092C1A2 /* Base */,
			);
			name = LaunchScreen.storyboard;
			sourceTree = "<group>";
		};
/* End PBXVariantGroup section */

/* Begin XCBuildConfiguration section */
		6BB83F762AE7AE290092C1A2 /* Debug */ = {
			isa = XCBuildConfiguration;
			buildSettings = {
				ALWAYS_SEARCH_USER_PATHS = NO;
				CLANG_ANALYZER_NONNULL = YES;
				CLANG_ANALYZER_NUMBER_OBJECT_CONVERSION = YES_AGGRESSIVE;
				CLANG_CXX_LANGUAGE_STANDARD = "gnu++20";
				CLANG_ENABLE_MODULES = YES;
				CLANG_ENABLE_OBJC_ARC = YES;
				CLANG_ENABLE_OBJC_WEAK = YES;
				CLANG_WARN_BLOCK_CAPTURE_AUTORELEASING = YES;
				CLANG_WARN_BOOL_CONVERSION = YES;
				CLANG_WARN_COMMA = YES;
				CLANG_WARN_CONSTANT_CONVERSION = YES;
				CLANG_WARN_DEPRECATED_OBJC_IMPLEMENTATIONS = YES;
				CLANG_WARN_DIRECT_OBJC_ISA_USAGE = YES_ERROR;
				CLANG_WARN_DOCUMENTATION_COMMENTS = YES;
				CLANG_WARN_EMPTY_BODY = YES;
				CLANG_WARN_ENUM_CONVERSION = YES;
				CLANG_WARN_INFINITE_RECURSION = YES;
				CLANG_WARN_INT_CONVERSION = YES;
				CLANG_WARN_NON_LITERAL_NULL_CONVERSION = YES;
				CLANG_WARN_OBJC_IMPLICIT_RETAIN_SELF = YES;
				CLANG_WARN_OBJC_LITERAL_CONVERSION = YES;
				CLANG_WARN_OBJC_ROOT_CLASS = YES_ERROR;
				CLANG_WARN_QUOTED_INCLUDE_IN_FRAMEWORK_HEADER = YES;
				CLANG_WARN_RANGE_LOOP_ANALYSIS = YES;
				CLANG_WARN_STRICT_PROTOTYPES = YES;
				CLANG_WARN_SUSPICIOUS_MOVE = YES;
				CLANG_WARN_UNGUARDED_AVAILABILITY = YES_AGGRESSIVE;
				CLANG_WARN_UNREACHABLE_CODE = YES;
				CLANG_WARN__DUPLICATE_METHOD_MATCH = YES;
				COPY_PHASE_STRIP = NO;
				DEBUG_INFORMATION_FORMAT = dwarf;
				ENABLE_STRICT_OBJC_MSGSEND = YES;
				ENABLE_TESTABILITY = YES;
				GCC_C_LANGUAGE_STANDARD = gnu11;
				GCC_DYNAMIC_NO_PIC = NO;
				GCC_NO_COMMON_BLOCKS = YES;
				GCC_OPTIMIZATION_LEVEL = 0;
				GCC_PREPROCESSOR_DEFINITIONS = (
					"DEBUG=1",
					"$(inherited)",
				);
				GCC_WARN_64_TO_32_BIT_CONVERSION = YES;
				GCC_WARN_ABOUT_RETURN_TYPE = YES_ERROR;
				GCC_WARN_UNDECLARED_SELECTOR = YES;
				GCC_WARN_UNINITIALIZED_AUTOS = YES_AGGRESSIVE;
				GCC_WARN_UNUSED_FUNCTION = YES;
				GCC_WARN_UNUSED_VARIABLE = YES;
				IPHONEOS_DEPLOYMENT_TARGET = 16.1;
				MTL_ENABLE_DEBUG_INFO = INCLUDE_SOURCE;
				MTL_FAST_MATH = YES;
				ONLY_ACTIVE_ARCH = YES;
				SDKROOT = iphoneos;
				SWIFT_ACTIVE_COMPILATION_CONDITIONS = DEBUG;
				SWIFT_OPTIMIZATION_LEVEL = "-Onone";
			};
			name = Debug;
		};
		6BB83F772AE7AE290092C1A2 /* Release */ = {
			isa = XCBuildConfiguration;
			buildSettings = {
				ALWAYS_SEARCH_USER_PATHS = NO;
				CLANG_ANALYZER_NONNULL = YES;
				CLANG_ANALYZER_NUMBER_OBJECT_CONVERSION = YES_AGGRESSIVE;
				CLANG_CXX_LANGUAGE_STANDARD = "gnu++20";
				CLANG_ENABLE_MODULES = YES;
				CLANG_ENABLE_OBJC_ARC = YES;
				CLANG_ENABLE_OBJC_WEAK = YES;
				CLANG_WARN_BLOCK_CAPTURE_AUTORELEASING = YES;
				CLANG_WARN_BOOL_CONVERSION = YES;
				CLANG_WARN_COMMA = YES;
				CLANG_WARN_CONSTANT_CONVERSION = YES;
				CLANG_WARN_DEPRECATED_OBJC_IMPLEMENTATIONS = YES;
				CLANG_WARN_DIRECT_OBJC_ISA_USAGE = YES_ERROR;
				CLANG_WARN_DOCUMENTATION_COMMENTS = YES;
				CLANG_WARN_EMPTY_BODY = YES;
				CLANG_WARN_ENUM_CONVERSION = YES;
				CLANG_WARN_INFINITE_RECURSION = YES;
				CLANG_WARN_INT_CONVERSION = YES;
				CLANG_WARN_NON_LITERAL_NULL_CONVERSION = YES;
				CLANG_WARN_OBJC_IMPLICIT_RETAIN_SELF = YES;
				CLANG_WARN_OBJC_LITERAL_CONVERSION = YES;
				CLANG_WARN_OBJC_ROOT_CLASS = YES_ERROR;
				CLANG_WARN_QUOTED_INCLUDE_IN_FRAMEWORK_HEADER = YES;
				CLANG_WARN_RANGE_LOOP_ANALYSIS = YES;
				CLANG_WARN_STRICT_PROTOTYPES = YES;
				CLANG_WARN_SUSPICIOUS_MOVE = YES;
				CLANG_WARN_UNGUARDED_AVAILABILITY = YES_AGGRESSIVE;
				CLANG_WARN_UNREACHABLE_CODE = YES;
				CLANG_WARN__DUPLICATE_METHOD_MATCH = YES;
				COPY_PHASE_STRIP = NO;
				DEBUG_INFORMATION_FORMAT = "dwarf-with-dsym";
				ENABLE_NS_ASSERTIONS = NO;
				ENABLE_STRICT_OBJC_MSGSEND = YES;
				GCC_C_LANGUAGE_STANDARD = gnu11;
				GCC_NO_COMMON_BLOCKS = YES;
				GCC_WARN_64_TO_32_BIT_CONVERSION = YES;
				GCC_WARN_ABOUT_RETURN_TYPE = YES_ERROR;
				GCC_WARN_UNDECLARED_SELECTOR = YES;
				GCC_WARN_UNINITIALIZED_AUTOS = YES_AGGRESSIVE;
				GCC_WARN_UNUSED_FUNCTION = YES;
				GCC_WARN_UNUSED_VARIABLE = YES;
				IPHONEOS_DEPLOYMENT_TARGET = 16.1;
				MTL_ENABLE_DEBUG_INFO = NO;
				MTL_FAST_MATH = YES;
				SDKROOT = iphoneos;
				SWIFT_COMPILATION_MODE = wholemodule;
				SWIFT_OPTIMIZATION_LEVEL = "-O";
				VALIDATE_PRODUCT = YES;
			};
			name = Release;
		};
		6BB83F792AE7AE290092C1A2 /* Debug */ = {
			isa = XCBuildConfiguration;
			buildSettings = {
				ASSETCATALOG_COMPILER_APPICON_NAME = AppIcon;
				ASSETCATALOG_COMPILER_GLOBAL_ACCENT_COLOR_NAME = AccentColor;
				CODE_SIGN_STYLE = Automatic;
				CURRENT_PROJECT_VERSION = 1;
				GENERATE_INFOPLIST_FILE = YES;
				INFOPLIST_FILE = "Lab (D03) P1/Info.plist";
				INFOPLIST_KEY_UIApplicationSupportsIndirectInputEvents = YES;
				INFOPLIST_KEY_UILaunchStoryboardName = LaunchScreen;
				INFOPLIST_KEY_UIMainStoryboardFile = Main;
				INFOPLIST_KEY_UISupportedInterfaceOrientations_iPad = "UIInterfaceOrientationPortrait UIInterfaceOrientationPortraitUpsideDown UIInterfaceOrientationLandscapeLeft UIInterfaceOrientationLandscapeRight";
				INFOPLIST_KEY_UISupportedInterfaceOrientations_iPhone = "UIInterfaceOrientationPortrait UIInterfaceOrientationLandscapeLeft UIInterfaceOrientationLandscapeRight";
				LD_RUNPATH_SEARCH_PATHS = (
					"$(inherited)",
					"@executable_path/Frameworks",
				);
				MARKETING_VERSION = 1.0;
				PRODUCT_BUNDLE_IDENTIFIER = "abc.Lab--D03--P1";
				PRODUCT_NAME = "$(TARGET_NAME)";
				SWIFT_EMIT_LOC_STRINGS = YES;
				SWIFT_VERSION = 5.0;
				TARGETED_DEVICE_FAMILY = "1,2";
			};
			name = Debug;
		};
		6BB83F7A2AE7AE290092C1A2 /* Release */ = {
			isa = XCBuildConfiguration;
			buildSettings = {
				ASSETCATALOG_COMPILER_APPICON_NAME = AppIcon;
				ASSETCATALOG_COMPILER_GLOBAL_ACCENT_COLOR_NAME = AccentColor;
				CODE_SIGN_STYLE = Automatic;
				CURRENT_PROJECT_VERSION = 1;
				GENERATE_INFOPLIST_FILE = YES;
				INFOPLIST_FILE = "Lab (D03) P1/Info.plist";
				INFOPLIST_KEY_UIApplicationSupportsIndirectInputEvents = YES;
				INFOPLIST_KEY_UILaunchStoryboardName = LaunchScreen;
				INFOPLIST_KEY_UIMainStoryboardFile = Main;
				INFOPLIST_KEY_UISupportedInterfaceOrientations_iPad = "UIInterfaceOrientationPortrait UIInterfaceOrientationPortraitUpsideDown UIInterfaceOrientationLandscapeLeft UIInterfaceOrientationLandscapeRight";
				INFOPLIST_KEY_UISupportedInterfaceOrientations_iPhone = "UIInterfaceOrientationPortrait UIInterfaceOrientationLandscapeLeft UIInterfaceOrientationLandscapeRight";
				LD_RUNPATH_SEARCH_PATHS = (
					"$(inherited)",
					"@executable_path/Frameworks",
				);
				MARKETING_VERSION = 1.0;
				PRODUCT_BUNDLE_IDENTIFIER = "abc.Lab--D03--P1";
				PRODUCT_NAME = "$(TARGET_NAME)";
				SWIFT_EMIT_LOC_STRINGS = YES;
				SWIFT_VERSION = 5.0;
				TARGETED_DEVICE_FAMILY = "1,2";
			};
			name = Release;
		};
		6BB83F7C2AE7AE290092C1A2 /* Debug */ = {
			isa = XCBuildConfiguration;
			buildSettings = {
				ALWAYS_EMBED_SWIFT_STANDARD_LIBRARIES = YES;
				BUNDLE_LOADER = "$(TEST_HOST)";
				CODE_SIGN_STYLE = Automatic;
				CURRENT_PROJECT_VERSION = 1;
				GENERATE_INFOPLIST_FILE = YES;
				IPHONEOS_DEPLOYMENT_TARGET = 16.1;
				MARKETING_VERSION = 1.0;
				PRODUCT_BUNDLE_IDENTIFIER = "abc.Lab--D03--P1Tests";
				PRODUCT_NAME = "$(TARGET_NAME)";
				SWIFT_EMIT_LOC_STRINGS = NO;
				SWIFT_VERSION = 5.0;
				TARGETED_DEVICE_FAMILY = "1,2";
				TEST_HOST = "$(BUILT_PRODUCTS_DIR)/Lab (D03) P1.app/$(BUNDLE_EXECUTABLE_FOLDER_PATH)/Lab (D03) P1";
			};
			name = Debug;
		};
		6BB83F7D2AE7AE290092C1A2 /* Release */ = {
			isa = XCBuildConfiguration;
			buildSettings = {
				ALWAYS_EMBED_SWIFT_STANDARD_LIBRARIES = YES;
				BUNDLE_LOADER = "$(TEST_HOST)";
				CODE_SIGN_STYLE = Automatic;
				CURRENT_PROJECT_VERSION = 1;
				GENERATE_INFOPLIST_FILE = YES;
				IPHONEOS_DEPLOYMENT_TARGET = 16.1;
				MARKETING_VERSION = 1.0;
				PRODUCT_BUNDLE_IDENTIFIER = "abc.Lab--D03--P1Tests";
				PRODUCT_NAME = "$(TARGET_NAME)";
				SWIFT_EMIT_LOC_STRINGS = NO;
				SWIFT_VERSION = 5.0;
				TARGETED_DEVICE_FAMILY = "1,2";
				TEST_HOST = "$(BUILT_PRODUCTS_DIR)/Lab (D03) P1.app/$(BUNDLE_EXECUTABLE_FOLDER_PATH)/Lab (D03) P1";
			};
			name = Release;
		};
		6BB83F7F2AE7AE290092C1A2 /* Debug */ = {
			isa = XCBuildConfiguration;
			buildSettings = {
				ALWAYS_EMBED_SWIFT_STANDARD_LIBRARIES = YES;
				CODE_SIGN_STYLE = Automatic;
				CURRENT_PROJECT_VERSION = 1;
				GENERATE_INFOPLIST_FILE = YES;
				MARKETING_VERSION = 1.0;
				PRODUCT_BUNDLE_IDENTIFIER = "abc.Lab--D03--P1UITests";
				PRODUCT_NAME = "$(TARGET_NAME)";
				SWIFT_EMIT_LOC_STRINGS = NO;
				SWIFT_VERSION = 5.0;
				TARGETED_DEVICE_FAMILY = "1,2";
				TEST_TARGET_NAME = "Lab (D03) P1";
			};
			name = Debug;
		};
		6BB83F802AE7AE290092C1A2 /* Release */ = {
			isa = XCBuildConfiguration;
			buildSettings = {
				ALWAYS_EMBED_SWIFT_STANDARD_LIBRARIES = YES;
				CODE_SIGN_STYLE = Automatic;
				CURRENT_PROJECT_VERSION = 1;
				GENERATE_INFOPLIST_FILE = YES;
				MARKETING_VERSION = 1.0;
				PRODUCT_BUNDLE_IDENTIFIER = "abc.Lab--D03--P1UITests";
				PRODUCT_NAME = "$(TARGET_NAME)";
				SWIFT_EMIT_LOC_STRINGS = NO;
				SWIFT_VERSION = 5.0;
				TARGETED_DEVICE_FAMILY = "1,2";
				TEST_TARGET_NAME = "Lab (D03) P1";
			};
			name = Release;
		};
/* End XCBuildConfiguration section */

/* Begin XCConfigurationList section */
		6BB83F492AE7AE1D0092C1A2 /* Build configuration list for PBXProject "Lab (D03) P1" */ = {
			isa = XCConfigurationList;
			buildConfigurations = (
				6BB83F762AE7AE290092C1A2 /* Debug */,
				6BB83F772AE7AE290092C1A2 /* Release */,
			);
			defaultConfigurationIsVisible = 0;
			defaultConfigurationName = Release;
		};
		6BB83F782AE7AE290092C1A2 /* Build configuration list for PBXNativeTarget "Lab (D03) P1" */ = {
			isa = XCConfigurationList;
			buildConfigurations = (
				6BB83F792AE7AE290092C1A2 /* Debug */,
				6BB83F7A2AE7AE290092C1A2 /* Release */,
			);
			defaultConfigurationIsVisible = 0;
			defaultConfigurationName = Release;
		};
		6BB83F7B2AE7AE290092C1A2 /* Build configuration list for PBXNativeTarget "Lab (D03) P1Tests" */ = {
			isa = XCConfigurationList;
			buildConfigurations = (
				6BB83F7C2AE7AE290092C1A2 /* Debug */,
				6BB83F7D2AE7AE290092C1A2 /* Release */,
			);
			defaultConfigurationIsVisible = 0;
			defaultConfigurationName = Release;
		};
		6BB83F7E2AE7AE290092C1A2 /* Build configuration list for PBXNativeTarget "Lab (D03) P1UITests" */ = {
			isa = XCConfigurationList;
			buildConfigurations = (
				6BB83F7F2AE7AE290092C1A2 /* Debug */,
				6BB83F802AE7AE290092C1A2 /* Release */,
			);
			defaultConfigurationIsVisible = 0;
			defaultConfigurationName = Release;
		};
/* End XCConfigurationList section */
	};
	rootObject = 6BB83F462AE7AE1D0092C1A2 /* Project object */;
}
